
Microsoft Visual Studio Solution File, Format Version 12.00
# Visual Studio 15
VisualStudioVersion = 15.0.26730.15
MinimumVisualStudioVersion = 10.0.40219.1
Project("{FAE04EC0-301F-11D3-BF4B-00C04F79EFBC}") = "ELM_FilteringService", "SE_Coursework\ELM_FilteringService.csproj", "{C72CF502-FC06-4024-8944-16C7B6BEB42F}"
EndProject
Project("{FAE04EC0-301F-11D3-BF4B-00C04F79EFBC}") = "ELM_HelperClasses", "ELM_HelperClasses\ELM_HelperClasses.csproj", "{96F2FEF4-4671-478D-8BA0-669B1A8E48DD}"
EndProject
Project("{FAE04EC0-301F-11D3-BF4B-00C04F79EFBC}") = "ELM_UnitTests", "ELM_UnitTests\ELM_UnitTests.csproj", "{507F8DA9-3FAC-428A-9A84-318CED9BC583}"
EndProject
Global
	GlobalSection(SolutionConfigurationPlatforms) = preSolution
		Debug|Any CPU = Debug|Any CPU
		Release|Any CPU = Release|Any CPU
	EndGlobalSection
	GlobalSection(ProjectConfigurationPlatforms) = postSolution
		{C72CF502-FC06-4024-8944-16C7B6BEB42F}.Debug|Any CPU.ActiveCfg = Debug|Any CPU
		{C72CF502-FC06-4024-8944-16C7B6BEB42F}.Debug|Any CPU.Build.0 = Debug|Any CPU
		{C72CF502-FC06-4024-8944-16C7B6BEB42F}.Release|Any CPU.ActiveCfg = Release|Any CPU
		{C72CF502-FC06-4024-8944-16C7B6BEB42F}.Release|Any CPU.Build.0 = Release|Any CPU
		{96F2FEF4-4671-478D-8BA0-669B1A8E48DD}.Debug|Any CPU.ActiveCfg = Debug|Any CPU
		{96F2FEF4-4671-478D-8BA0-669B1A8E48DD}.Debug|Any CPU.Build.0 = Debug|Any CPU
		{96F2FEF4-4671-478D-8BA0-669B1A8E48DD}.Release|Any CPU.ActiveCfg = Release|Any CPU
		{96F2FEF4-4671-478D-8BA0-669B1A8E48DD}.Release|Any CPU.Build.0 = Release|Any CPU
		{507F8DA9-3FAC-428A-9A84-318CED9BC583}.Debug|Any CPU.ActiveCfg = Debug|Any CPU
		{507F8DA9-3FAC-428A-9A84-318CED9BC583}.Debug|Any CPU.Build.0 = Debug|Any CPU
		{507F8DA9-3FAC-428A-9A84-318CED9BC583}.Release|Any CPU.ActiveCfg = Release|Any CPU
		{507F8DA9-3FAC-428A-9A84-318CED9BC583}.Release|Any CPU.Build.0 = Release|Any CPU
	EndGlobalSection
	GlobalSection(SolutionProperties) = preSolution
		HideSolutionNode = FALSE
	EndGlobalSection
	GlobalSection(ExtensibilityGlobals) = postSolution
		SolutionGuid = {B77177EC-A60A-4F9B-8D2A-FAEE1AB9E1A8}
	EndGlobalSection
EndGlobal
